
Microsoft Visual Studio Solution File, Format Version 12.00
# Visual Studio Version 16
VisualStudioVersion = 16.0.30611.23
MinimumVisualStudioVersion = 10.0.40219.1
Project("{8BC9CEB8-8B4A-11D0-8D11-00A0C91BC942}") = "DoAnCaro", "DoAnCaro\DoAnCaro.vcxproj", "{BBFF2BDF-9C6C-4E50-BDE5-DEEC5B7FAA9A}"
EndProject
Global
	GlobalSection(SolutionConfigurationPlatforms) = preSolution
		Debug|x64 = Debug|x64
		Debug|x86 = Debug|x86
		Release|x64 = Release|x64
		Release|x86 = Release|x86
	EndGlobalSection
	GlobalSection(ProjectConfigurationPlatforms) = postSolution
		{BBFF2BDF-9C6C-4E50-BDE5-DEEC5B7FAA9A}.Debug|x64.ActiveCfg = Debug|x64
		{BBFF2BDF-9C6C-4E50-BDE5-DEEC5B7FAA9A}.Debug|x64.Build.0 = Debug|x64
		{BBFF2BDF-9C6C-4E50-BDE5-DEEC5B7FAA9A}.Debug|x86.ActiveCfg = Debug|Win32
		{BBFF2BDF-9C6C-4E50-BDE5-DEEC5B7FAA9A}.Debug|x86.Build.0 = Debug|Win32
		{BBFF2BDF-9C6C-4E50-BDE5-DEEC5B7FAA9A}.Release|x64.ActiveCfg = Release|x64
		{BBFF2BDF-9C6C-4E50-BDE5-DEEC5B7FAA9A}.Release|x64.Build.0 = Release|x64
		{BBFF2BDF-9C6C-4E50-BDE5-DEEC5B7FAA9A}.Release|x86.ActiveCfg = Release|Win32
		{BBFF2BDF-9C6C-4E50-BDE5-DEEC5B7FAA9A}.Release|x86.Build.0 = Release|Win32
	EndGlobalSection
	GlobalSection(SolutionProperties) = preSolution
		HideSolutionNode = FALSE
	EndGlobalSection
	GlobalSection(ExtensibilityGlobals) = postSolution
		SolutionGuid = {D80CD029-7D0B-4B50-A27B-0BB21D3FC2C9}
	EndGlobalSection
EndGlobal
